// !$*UTF8*$!
{
	archiveVersion = 1;
	classes = {
	};
	objectVersion = 50;
	objects = {

/* Begin PBXBuildFile section */
		C394F595223D5C9000038FE4 /* AppDelegate.swift in Sources */ = {isa = PBXBuildFile; fileRef = C394F594223D5C9000038FE4 /* AppDelegate.swift */; };
		C394F597223D5C9000038FE4 /* ViewController.swift in Sources */ = {isa = PBXBuildFile; fileRef = C394F596223D5C9000038FE4 /* ViewController.swift */; };
		C394F59A223D5C9000038FE4 /* Main.storyboard in Resources */ = {isa = PBXBuildFile; fileRef = C394F598223D5C9000038FE4 /* Main.storyboard */; };
		C394F59C223D5C9200038FE4 /* Assets.xcassets in Resources */ = {isa = PBXBuildFile; fileRef = C394F59B223D5C9200038FE4 /* Assets.xcassets */; };
		C394F59F223D5C9200038FE4 /* LaunchScreen.storyboard in Resources */ = {isa = PBXBuildFile; fileRef = C394F59D223D5C9200038FE4 /* LaunchScreen.storyboard */; };
		C394F5AA223D5C9200038FE4 /* StopwatchTests.swift in Sources */ = {isa = PBXBuildFile; fileRef = C394F5A9223D5C9200038FE4 /* StopwatchTests.swift */; };
		C394F5B5223D5C9200038FE4 /* StopwatchUITests.swift in Sources */ = {isa = PBXBuildFile; fileRef = C394F5B4223D5C9200038FE4 /* StopwatchUITests.swift */; };
/* End PBXBuildFile section */

/* Begin PBXContainerItemProxy section */
		C394F5A6223D5C9200038FE4 /* PBXContainerItemProxy */ = {
			isa = PBXContainerItemProxy;
			containerPortal = C394F589223D5C9000038FE4 /* Project object */;
			proxyType = 1;
			remoteGlobalIDString = C394F590223D5C9000038FE4;
			remoteInfo = Stopwatch;
		};
		C394F5B1223D5C9200038FE4 /* PBXContainerItemProxy */ = {
			isa = PBXContainerItemProxy;
			containerPortal = C394F589223D5C9000038FE4 /* Project object */;
			proxyType = 1;
			remoteGlobalIDString = C394F590223D5C9000038FE4;
			remoteInfo = Stopwatch;
		};
/* End PBXContainerItemProxy section */

/* Begin PBXFileReference section */
		C394F591223D5C9000038FE4 /* Stopwatch.app */ = {isa = PBXFileReference; explicitFileType = wrapper.application; includeInIndex = 0; path = Stopwatch.app; sourceTree = BUILT_PRODUCTS_DIR; };
		C394F594223D5C9000038FE4 /* AppDelegate.swift */ = {isa = PBXFileReference; lastKnownFileType = sourcecode.swift; path = AppDelegate.swift; sourceTree = "<group>"; };
		C394F596223D5C9000038FE4 /* ViewController.swift */ = {isa = PBXFileReference; lastKnownFileType = sourcecode.swift; path = ViewController.swift; sourceTree = "<group>"; };
		C394F599223D5C9000038FE4 /* Base */ = {isa = PBXFileReference; lastKnownFileType = file.storyboard; name = Base; path = Base.lproj/Main.storyboard; sourceTree = "<group>"; };
		C394F59B223D5C9200038FE4 /* Assets.xcassets */ = {isa = PBXFileReference; lastKnownFileType = folder.assetcatalog; path = Assets.xcassets; sourceTree = "<group>"; };
		C394F59E223D5C9200038FE4 /* Base */ = {isa = PBXFileReference; lastKnownFileType = file.storyboard; name = Base; path = Base.lproj/LaunchScreen.storyboard; sourceTree = "<group>"; };
		C394F5A0223D5C9200038FE4 /* Info.plist */ = {isa = PBXFileReference; lastKnownFileType = text.plist.xml; path = Info.plist; sourceTree = "<group>"; };
		C394F5A5223D5C9200038FE4 /* StopwatchTests.xctest */ = {isa = PBXFileReference; explicitFileType = wrapper.cfbundle; includeInIndex = 0; path = StopwatchTests.xctest; sourceTree = BUILT_PRODUCTS_DIR; };
		C394F5A9223D5C9200038FE4 /* StopwatchTests.swift */ = {isa = PBXFileReference; lastKnownFileType = sourcecode.swift; path = StopwatchTests.swift; sourceTree = "<group>"; };
		C394F5AB223D5C9200038FE4 /* Info.plist */ = {isa = PBXFileReference; lastKnownFileType = text.plist.xml; path = Info.plist; sourceTree = "<group>"; };
		C394F5B0223D5C9200038FE4 /* StopwatchUITests.xctest */ = {isa = PBXFileReference; explicitFileType = wrapper.cfbundle; includeInIndex = 0; path = StopwatchUITests.xctest; sourceTree = BUILT_PRODUCTS_DIR; };
		C394F5B4223D5C9200038FE4 /* StopwatchUITests.swift */ = {isa = PBXFileReference; lastKnownFileType = sourcecode.swift; path = StopwatchUITests.swift; sourceTree = "<group>"; };
		C394F5B6223D5C9200038FE4 /* Info.plist */ = {isa = PBXFileReference; lastKnownFileType = text.plist.xml; path = Info.plist; sourceTree = "<group>"; };
/* End PBXFileReference section */

/* Begin PBXFrameworksBuildPhase section */
		C394F58E223D5C9000038FE4 /* Frameworks */ = {
			isa = PBXFrameworksBuildPhase;
			buildActionMask = 2147483647;
			files = (
			);
			runOnlyForDeploymentPostprocessing = 0;
		};
		C394F5A2223D5C9200038FE4 /* Frameworks */ = {
			isa = PBXFrameworksBuildPhase;
			buildActionMask = 2147483647;
			files = (
			);
			runOnlyForDeploymentPostprocessing = 0;
		};
		C394F5AD223D5C9200038FE4 /* Frameworks */ = {
			isa = PBXFrameworksBuildPhase;
			buildActionMask = 2147483647;
			files = (
			);
			runOnlyForDeploymentPostprocessing = 0;
		};
/* End PBXFrameworksBuildPhase section */

/* Begin PBXGroup section */
		C394F588223D5C9000038FE4 = {
			isa = PBXGroup;
			children = (
				C394F593223D5C9000038FE4 /* Stopwatch */,
				C394F5A8223D5C9200038FE4 /* StopwatchTests */,
				C394F5B3223D5C9200038FE4 /* StopwatchUITests */,
				C394F592223D5C9000038FE4 /* Products */,
			);
			sourceTree = "<group>";
		};
		C394F592223D5C9000038FE4 /* Products */ = {
			isa = PBXGroup;
			children = (
				C394F591223D5C9000038FE4 /* Stopwatch.app */,
				C394F5A5223D5C9200038FE4 /* StopwatchTests.xctest */,
				C394F5B0223D5C9200038FE4 /* StopwatchUITests.xctest */,
			);
			name = Products;
			sourceTree = "<group>";
		};
		C394F593223D5C9000038FE4 /* Stopwatch */ = {
			isa = PBXGroup;
			children = (
				C394F5C2223D5D5C00038FE4 /* Supporting Files */,
				C394F596223D5C9000038FE4 /* ViewController.swift */,
				C394F598223D5C9000038FE4 /* Main.storyboard */,
				C394F5A0223D5C9200038FE4 /* Info.plist */,
			);
			path = Stopwatch;
			sourceTree = "<group>";
		};
		C394F5A8223D5C9200038FE4 /* StopwatchTests */ = {
			isa = PBXGroup;
			children = (
				C394F5A9223D5C9200038FE4 /* StopwatchTests.swift */,
				C394F5AB223D5C9200038FE4 /* Info.plist */,
			);
			path = StopwatchTests;
			sourceTree = "<group>";
		};
		C394F5B3223D5C9200038FE4 /* StopwatchUITests */ = {
			isa = PBXGroup;
			children = (
				C394F5B4223D5C9200038FE4 /* StopwatchUITests.swift */,
				C394F5B6223D5C9200038FE4 /* Info.plist */,
			);
			path = StopwatchUITests;
			sourceTree = "<group>";
		};
		C394F5C2223D5D5C00038FE4 /* Supporting Files */ = {
			isa = PBXGroup;
			children = (
				C394F59D223D5C9200038FE4 /* LaunchScreen.storyboard */,
				C394F594223D5C9000038FE4 /* AppDelegate.swift */,
				C394F59B223D5C9200038FE4 /* Assets.xcassets */,
			);
			path = "Supporting Files";
			sourceTree = "<group>";
		};
/* End PBXGroup section */

/* Begin PBXNativeTarget section */
		C394F590223D5C9000038FE4 /* Stopwatch */ = {
			isa = PBXNativeTarget;
			buildConfigurationList = C394F5B9223D5C9200038FE4 /* Build configuration list for PBXNativeTarget "Stopwatch" */;
			buildPhases = (
				C394F58D223D5C9000038FE4 /* Sources */,
				C394F58E223D5C9000038FE4 /* Frameworks */,
				C394F58F223D5C9000038FE4 /* Resources */,
			);
			buildRules = (
			);
			dependencies = (
			);
			name = Stopwatch;
			productName = Stopwatch;
			productReference = C394F591223D5C9000038FE4 /* Stopwatch.app */;
			productType = "com.apple.product-type.application";
		};
		C394F5A4223D5C9200038FE4 /* StopwatchTests */ = {
			isa = PBXNativeTarget;
			buildConfigurationList = C394F5BC223D5C9200038FE4 /* Build configuration list for PBXNativeTarget "StopwatchTests" */;
			buildPhases = (
				C394F5A1223D5C9200038FE4 /* Sources */,
				C394F5A2223D5C9200038FE4 /* Frameworks */,
				C394F5A3223D5C9200038FE4 /* Resources */,
			);
			buildRules = (
			);
			dependencies = (
				C394F5A7223D5C9200038FE4 /* PBXTargetDependency */,
			);
			name = StopwatchTests;
			productName = StopwatchTests;
			productReference = C394F5A5223D5C9200038FE4 /* StopwatchTests.xctest */;
			productType = "com.apple.product-type.bundle.unit-test";
		};
		C394F5AF223D5C9200038FE4 /* StopwatchUITests */ = {
			isa = PBXNativeTarget;
			buildConfigurationList = C394F5BF223D5C9200038FE4 /* Build configuration list for PBXNativeTarget "StopwatchUITests" */;
			buildPhases = (
				C394F5AC223D5C9200038FE4 /* Sources */,
				C394F5AD223D5C9200038FE4 /* Frameworks */,
				C394F5AE223D5C9200038FE4 /* Resources */,
			);
			buildRules = (
			);
			dependencies = (
				C394F5B2223D5C9200038FE4 /* PBXTargetDependency */,
			);
			name = StopwatchUITests;
			productName = StopwatchUITests;
			productReference = C394F5B0223D5C9200038FE4 /* StopwatchUITests.xctest */;
			productType = "com.apple.product-type.bundle.ui-testing";
		};
/* End PBXNativeTarget section */

/* Begin PBXProject section */
		C394F589223D5C9000038FE4 /* Project object */ = {
			isa = PBXProject;
			attributes = {
				LastSwiftUpdateCheck = 1010;
				LastUpgradeCheck = 1010;
				ORGANIZATIONNAME = "Jeffrey Marple";
				TargetAttributes = {
					C394F590223D5C9000038FE4 = {
						CreatedOnToolsVersion = 10.1;
					};
					C394F5A4223D5C9200038FE4 = {
						CreatedOnToolsVersion = 10.1;
						TestTargetID = C394F590223D5C9000038FE4;
					};
					C394F5AF223D5C9200038FE4 = {
						CreatedOnToolsVersion = 10.1;
						TestTargetID = C394F590223D5C9000038FE4;
					};
				};
			};
			buildConfigurationList = C394F58C223D5C9000038FE4 /* Build configuration list for PBXProject "Stopwatch" */;
			compatibilityVersion = "Xcode 9.3";
			developmentRegion = en;
			hasScannedForEncodings = 0;
			knownRegions = (
				en,
				Base,
			);
			mainGroup = C394F588223D5C9000038FE4;
			productRefGroup = C394F592223D5C9000038FE4 /* Products */;
			projectDirPath = "";
			projectRoot = "";
			targets = (
				C394F590223D5C9000038FE4 /* Stopwatch */,
				C394F5A4223D5C9200038FE4 /* StopwatchTests */,
				C394F5AF223D5C9200038FE4 /* StopwatchUITests */,
			);
		};
/* End PBXProject section */

/* Begin PBXResourcesBuildPhase section */
		C394F58F223D5C9000038FE4 /* Resources */ = {
			isa = PBXResourcesBuildPhase;
			buildActionMask = 2147483647;
			files = (
				C394F59F223D5C9200038FE4 /* LaunchScreen.storyboard in Resources */,
				C394F59C223D5C9200038FE4 /* Assets.xcassets in Resources */,
				C394F59A223D5C9000038FE4 /* Main.storyboard in Resources */,
			);
			runOnlyForDeploymentPostprocessing = 0;
		};
		C394F5A3223D5C9200038FE4 /* Resources */ = {
			isa = PBXResourcesBuildPhase;
			buildActionMask = 2147483647;
			files = (
			);
			runOnlyForDeploymentPostprocessing = 0;
		};
		C394F5AE223D5C9200038FE4 /* Resources */ = {
			isa = PBXResourcesBuildPhase;
			buildActionMask = 2147483647;
			files = (
			);
			runOnlyForDeploymentPostprocessing = 0;
		};
/* End PBXResourcesBuildPhase section */

/* Begin PBXSourcesBuildPhase section */
		C394F58D223D5C9000038FE4 /* Sources */ = {
			isa = PBXSourcesBuildPhase;
			buildActionMask = 2147483647;
			files = (
				C394F597223D5C9000038FE4 /* ViewController.swift in Sources */,
				C394F595223D5C9000038FE4 /* AppDelegate.swift in Sources */,
			);
			runOnlyForDeploymentPostprocessing = 0;
		};
		C394F5A1223D5C9200038FE4 /* Sources */ = {
			isa = PBXSourcesBuildPhase;
			buildActionMask = 2147483647;
			files = (
				C394F5AA223D5C9200038FE4 /* StopwatchTests.swift in Sources */,
			);
			runOnlyForDeploymentPostprocessing = 0;
		};
		C394F5AC223D5C9200038FE4 /* Sources */ = {
			isa = PBXSourcesBuildPhase;
			buildActionMask = 2147483647;
			files = (
				C394F5B5223D5C9200038FE4 /* StopwatchUITests.swift in Sources */,
			);
			runOnlyForDeploymentPostprocessing = 0;
		};
/* End PBXSourcesBuildPhase section */

/* Begin PBXTargetDependency section */
		C394F5A7223D5C9200038FE4 /* PBXTargetDependency */ = {
			isa = PBXTargetDependency;
			target = C394F590223D5C9000038FE4 /* Stopwatch */;
			targetProxy = C394F5A6223D5C9200038FE4 /* PBXContainerItemProxy */;
		};
		C394F5B2223D5C9200038FE4 /* PBXTargetDependency */ = {
			isa = PBXTargetDependency;
			target = C394F590223D5C9000038FE4 /* Stopwatch */;
			targetProxy = C394F5B1223D5C9200038FE4 /* PBXContainerItemProxy */;
		};
/* End PBXTargetDependency section */

/* Begin PBXVariantGroup section */
		C394F598223D5C9000038FE4 /* Main.storyboard */ = {
			isa = PBXVariantGroup;
			children = (
				C394F599223D5C9000038FE4 /* Base */,
			);
			name = Main.storyboard;
			sourceTree = "<group>";
		};
		C394F59D223D5C9200038FE4 /* LaunchScreen.storyboard */ = {
			isa = PBXVariantGroup;
			children = (
				C394F59E223D5C9200038FE4 /* Base */,
			);
			name = LaunchScreen.storyboard;
			sourceTree = "<group>";
		};
/* End PBXVariantGroup section */

/* Begin XCBuildConfiguration section */
		C394F5B7223D5C9200038FE4 /* Debug */ = {
			isa = XCBuildConfiguration;
			buildSettings = {
				ALWAYS_SEARCH_USER_PATHS = NO;
				CLANG_ANALYZER_NONNULL = YES;
				CLANG_ANALYZER_NUMBER_OBJECT_CONVERSION = YES_AGGRESSIVE;
				CLANG_CXX_LANGUAGE_STANDARD = "gnu++14";
				CLANG_CXX_LIBRARY = "libc++";
				CLANG_ENABLE_MODULES = YES;
				CLANG_ENABLE_OBJC_ARC = YES;
				CLANG_ENABLE_OBJC_WEAK = YES;
				CLANG_WARN_BLOCK_CAPTURE_AUTORELEASING = YES;
				CLANG_WARN_BOOL_CONVERSION = YES;
				CLANG_WARN_COMMA = YES;
				CLANG_WARN_CONSTANT_CONVERSION = YES;
				CLANG_WARN_DEPRECATED_OBJC_IMPLEMENTATIONS = YES;
				CLANG_WARN_DIRECT_OBJC_ISA_USAGE = YES_ERROR;
				CLANG_WARN_DOCUMENTATION_COMMENTS = YES;
				CLANG_WARN_EMPTY_BODY = YES;
				CLANG_WARN_ENUM_CONVERSION = YES;
				CLANG_WARN_INFINITE_RECURSION = YES;
				CLANG_WARN_INT_CONVERSION = YES;
				CLANG_WARN_NON_LITERAL_NULL_CONVERSION = YES;
				CLANG_WARN_OBJC_IMPLICIT_RETAIN_SELF = YES;
				CLANG_WARN_OBJC_LITERAL_CONVERSION = YES;
				CLANG_WARN_OBJC_ROOT_CLASS = YES_ERROR;
				CLANG_WARN_RANGE_LOOP_ANALYSIS = YES;
				CLANG_WARN_STRICT_PROTOTYPES = YES;
				CLANG_WARN_SUSPICIOUS_MOVE = YES;
				CLANG_WARN_UNGUARDED_AVAILABILITY = YES_AGGRESSIVE;
				CLANG_WARN_UNREACHABLE_CODE = YES;
				CLANG_WARN__DUPLICATE_METHOD_MATCH = YES;
				CODE_SIGN_IDENTITY = "iPhone Developer";
				COPY_PHASE_STRIP = NO;
				DEBUG_INFORMATION_FORMAT = dwarf;
				ENABLE_STRICT_OBJC_MSGSEND = YES;
				ENABLE_TESTABILITY = YES;
				GCC_C_LANGUAGE_STANDARD = gnu11;
				GCC_DYNAMIC_NO_PIC = NO;
				GCC_NO_COMMON_BLOCKS = YES;
				GCC_OPTIMIZATION_LEVEL = 0;
				GCC_PREPROCESSOR_DEFINITIONS = (
					"DEBUG=1",
					"$(inherited)",
				);
				GCC_WARN_64_TO_32_BIT_CONVERSION = YES;
				GCC_WARN_ABOUT_RETURN_TYPE = YES_ERROR;
				GCC_WARN_UNDECLARED_SELECTOR = YES;
				GCC_WARN_UNINITIALIZED_AUTOS = YES_AGGRESSIVE;
				GCC_WARN_UNUSED_FUNCTION = YES;
				GCC_WARN_UNUSED_VARIABLE = YES;
				IPHONEOS_DEPLOYMENT_TARGET = 12.1;
				MTL_ENABLE_DEBUG_INFO = INCLUDE_SOURCE;
				MTL_FAST_MATH = YES;
				ONLY_ACTIVE_ARCH = YES;
				SDKROOT = iphoneos;
				SWIFT_ACTIVE_COMPILATION_CONDITIONS = DEBUG;
				SWIFT_OPTIMIZATION_LEVEL = "-Onone";
			};
			name = Debug;
		};
		C394F5B8223D5C9200038FE4 /* Release */ = {
			isa = XCBuildConfiguration;
			buildSettings = {
				ALWAYS_SEARCH_USER_PATHS = NO;
				CLANG_ANALYZER_NONNULL = YES;
				CLANG_ANALYZER_NUMBER_OBJECT_CONVERSION = YES_AGGRESSIVE;
				CLANG_CXX_LANGUAGE_STANDARD = "gnu++14";
				CLANG_CXX_LIBRARY = "libc++";
				CLANG_ENABLE_MODULES = YES;
				CLANG_ENABLE_OBJC_ARC = YES;
				CLANG_ENABLE_OBJC_WEAK = YES;
				CLANG_WARN_BLOCK_CAPTURE_AUTORELEASING = YES;
				CLANG_WARN_BOOL_CONVERSION = YES;
				CLANG_WARN_COMMA = YES;
				CLANG_WARN_CONSTANT_CONVERSION = YES;
				CLANG_WARN_DEPRECATED_OBJC_IMPLEMENTATIONS = YES;
				CLANG_WARN_DIRECT_OBJC_ISA_USAGE = YES_ERROR;
				CLANG_WARN_DOCUMENTATION_COMMENTS = YES;
				CLANG_WARN_EMPTY_BODY = YES;
				CLANG_WARN_ENUM_CONVERSION = YES;
				CLANG_WARN_INFINITE_RECURSION = YES;
				CLANG_WARN_INT_CONVERSION = YES;
				CLANG_WARN_NON_LITERAL_NULL_CONVERSION = YES;
				CLANG_WARN_OBJC_IMPLICIT_RETAIN_SELF = YES;
				CLANG_WARN_OBJC_LITERAL_CONVERSION = YES;
				CLANG_WARN_OBJC_ROOT_CLASS = YES_ERROR;
				CLANG_WARN_RANGE_LOOP_ANALYSIS = YES;
				CLANG_WARN_STRICT_PROTOTYPES = YES;
				CLANG_WARN_SUSPICIOUS_MOVE = YES;
				CLANG_WARN_UNGUARDED_AVAILABILITY = YES_AGGRESSIVE;
				CLANG_WARN_UNREACHABLE_CODE = YES;
				CLANG_WARN__DUPLICATE_METHOD_MATCH = YES;
				CODE_SIGN_IDENTITY = "iPhone Developer";
				COPY_PHASE_STRIP = NO;
				DEBUG_INFORMATION_FORMAT = "dwarf-with-dsym";
				ENABLE_NS_ASSERTIONS = NO;
				ENABLE_STRICT_OBJC_MSGSEND = YES;
				GCC_C_LANGUAGE_STANDARD = gnu11;
				GCC_NO_COMMON_BLOCKS = YES;
				GCC_WARN_64_TO_32_BIT_CONVERSION = YES;
				GCC_WARN_ABOUT_RETURN_TYPE = YES_ERROR;
				GCC_WARN_UNDECLARED_SELECTOR = YES;
				GCC_WARN_UNINITIALIZED_AUTOS = YES_AGGRESSIVE;
				GCC_WARN_UNUSED_FUNCTION = YES;
				GCC_WARN_UNUSED_VARIABLE = YES;
				IPHONEOS_DEPLOYMENT_TARGET = 12.1;
				MTL_ENABLE_DEBUG_INFO = NO;
				MTL_FAST_MATH = YES;
				SDKROOT = iphoneos;
				SWIFT_COMPILATION_MODE = wholemodule;
				SWIFT_OPTIMIZATION_LEVEL = "-O";
				VALIDATE_PRODUCT = YES;
			};
			name = Release;
		};
		C394F5BA223D5C9200038FE4 /* Debug */ = {
			isa = XCBuildConfiguration;
			buildSettings = {
				ASSETCATALOG_COMPILER_APPICON_NAME = AppIcon;
				CODE_SIGN_STYLE = Automatic;
				INFOPLIST_FILE = Stopwatch/Info.plist;
				LD_RUNPATH_SEARCH_PATHS = (
					"$(inherited)",
					"@executable_path/Frameworks",
				);
				PRODUCT_BUNDLE_IDENTIFIER = edu.otterbein.Stopwatch;
				PRODUCT_NAME = "$(TARGET_NAME)";
				SWIFT_VERSION = 4.2;
				TARGETED_DEVICE_FAMILY = "1,2";
			};
			name = Debug;
		};
		C394F5BB223D5C9200038FE4 /* Release */ = {
			isa = XCBuildConfiguration;
			buildSettings = {
				ASSETCATALOG_COMPILER_APPICON_NAME = AppIcon;
				CODE_SIGN_STYLE = Automatic;
				INFOPLIST_FILE = Stopwatch/Info.plist;
				LD_RUNPATH_SEARCH_PATHS = (
					"$(inherited)",
					"@executable_path/Frameworks",
				);
				PRODUCT_BUNDLE_IDENTIFIER = edu.otterbein.Stopwatch;
				PRODUCT_NAME = "$(TARGET_NAME)";
				SWIFT_VERSION = 4.2;
				TARGETED_DEVICE_FAMILY = "1,2";
			};
			name = Release;
		};
		C394F5BD223D5C9200038FE4 /* Debug */ = {
			isa = XCBuildConfiguration;
			buildSettings = {
				ALWAYS_EMBED_SWIFT_STANDARD_LIBRARIES = YES;
				BUNDLE_LOADER = "$(TEST_HOST)";
				CODE_SIGN_STYLE = Automatic;
				INFOPLIST_FILE = StopwatchTests/Info.plist;
				LD_RUNPATH_SEARCH_PATHS = (
					"$(inherited)",
					"@executable_path/Frameworks",
					"@loader_path/Frameworks",
				);
				PRODUCT_BUNDLE_IDENTIFIER = edu.otterbein.StopwatchTests;
				PRODUCT_NAME = "$(TARGET_NAME)";
				SWIFT_VERSION = 4.2;
				TARGETED_DEVICE_FAMILY = "1,2";
				TEST_HOST = "$(BUILT_PRODUCTS_DIR)/Stopwatch.app/Stopwatch";
			};
			name = Debug;
		};
		C394F5BE223D5C9200038FE4 /* Release */ = {
			isa = XCBuildConfiguration;
			buildSettings = {
				ALWAYS_EMBED_SWIFT_STANDARD_LIBRARIES = YES;
				BUNDLE_LOADER = "$(TEST_HOST)";
				CODE_SIGN_STYLE = Automatic;
				INFOPLIST_FILE = StopwatchTests/Info.plist;
				LD_RUNPATH_SEARCH_PATHS = (
					"$(inherited)",
					"@executable_path/Frameworks",
					"@loader_path/Frameworks",
				);
				PRODUCT_BUNDLE_IDENTIFIER = edu.otterbein.StopwatchTests;
				PRODUCT_NAME = "$(TARGET_NAME)";
				SWIFT_VERSION = 4.2;
				TARGETED_DEVICE_FAMILY = "1,2";
				TEST_HOST = "$(BUILT_PRODUCTS_DIR)/Stopwatch.app/Stopwatch";
			};
			name = Release;
		};
		C394F5C0223D5C9200038FE4 /* Debug */ = {
			isa = XCBuildConfiguration;
			buildSettings = {
				ALWAYS_EMBED_SWIFT_STANDARD_LIBRARIES = YES;
				CODE_SIGN_STYLE = Automatic;
				INFOPLIST_FILE = StopwatchUITests/Info.plist;
				LD_RUNPATH_SEARCH_PATHS = (
					"$(inherited)",
					"@executable_path/Frameworks",
					"@loader_path/Frameworks",
				);
				PRODUCT_BUNDLE_IDENTIFIER = edu.otterbein.StopwatchUITests;
				PRODUCT_NAME = "$(TARGET_NAME)";
				SWIFT_VERSION = 4.2;
				TARGETED_DEVICE_FAMILY = "1,2";
				TEST_TARGET_NAME = Stopwatch;
			};
			name = Debug;
		};
		C394F5C1223D5C9200038FE4 /* Release */ = {
			isa = XCBuildConfiguration;
			buildSettings = {
				ALWAYS_EMBED_SWIFT_STANDARD_LIBRARIES = YES;
				CODE_SIGN_STYLE = Automatic;
				INFOPLIST_FILE = StopwatchUITests/Info.plist;
				LD_RUNPATH_SEARCH_PATHS = (
					"$(inherited)",
					"@executable_path/Frameworks",
					"@loader_path/Frameworks",
				);
				PRODUCT_BUNDLE_IDENTIFIER = edu.otterbein.StopwatchUITests;
				PRODUCT_NAME = "$(TARGET_NAME)";
				SWIFT_VERSION = 4.2;
				TARGETED_DEVICE_FAMILY = "1,2";
				TEST_TARGET_NAME = Stopwatch;
			};
			name = Release;
		};
/* End XCBuildConfiguration section */

/* Begin XCConfigurationList section */
		C394F58C223D5C9000038FE4 /* Build configuration list for PBXProject "Stopwatch" */ = {
			isa = XCConfigurationList;
			buildConfigurations = (
				C394F5B7223D5C9200038FE4 /* Debug */,
				C394F5B8223D5C9200038FE4 /* Release */,
			);
			defaultConfigurationIsVisible = 0;
			defaultConfigurationName = Release;
		};
		C394F5B9223D5C9200038FE4 /* Build configuration list for PBXNativeTarget "Stopwatch" */ = {
			isa = XCConfigurationList;
			buildConfigurations = (
				C394F5BA223D5C9200038FE4 /* Debug */,
				C394F5BB223D5C9200038FE4 /* Release */,
			);
			defaultConfigurationIsVisible = 0;
			defaultConfigurationName = Release;
		};
		C394F5BC223D5C9200038FE4 /* Build configuration list for PBXNativeTarget "StopwatchTests" */ = {
			isa = XCConfigurationList;
			buildConfigurations = (
				C394F5BD223D5C9200038FE4 /* Debug */,
				C394F5BE223D5C9200038FE4 /* Release */,
			);
			defaultConfigurationIsVisible = 0;
			defaultConfigurationName = Release;
		};
		C394F5BF223D5C9200038FE4 /* Build configuration list for PBXNativeTarget "StopwatchUITests" */ = {
			isa = XCConfigurationList;
			buildConfigurations = (
				C394F5C0223D5C9200038FE4 /* Debug */,
				C394F5C1223D5C9200038FE4 /* Release */,
			);
			defaultConfigurationIsVisible = 0;
			defaultConfigurationName = Release;
		};
/* End XCConfigurationList section */
	};
	rootObject = C394F589223D5C9000038FE4 /* Project object */;
}
